// !$*UTF8*$!
{
	archiveVersion = 1;
	classes = {
	};
	objectVersion = 55;
	objects = {

/* Begin PBXBuildFile section */
		249728C22947B7C10054BB56 /* NewsReaderMiniApp.swift in Sources */ = {isa = PBXBuildFile; fileRef = 249728C12947B7C10054BB56 /* NewsReaderMiniApp.swift */; };
		249728C62947B7C30054BB56 /* Assets.xcassets in Resources */ = {isa = PBXBuildFile; fileRef = 249728C52947B7C30054BB56 /* Assets.xcassets */; };
		249728C92947B7C30054BB56 /* Preview Assets.xcassets in Resources */ = {isa = PBXBuildFile; fileRef = 249728C82947B7C30054BB56 /* Preview Assets.xcassets */; };
		249728D02947BA000054BB56 /* ArticleDetail.swift in Sources */ = {isa = PBXBuildFile; fileRef = 249728CF2947BA000054BB56 /* ArticleDetail.swift */; };
		249728D22947BA160054BB56 /* Article.swift in Sources */ = {isa = PBXBuildFile; fileRef = 249728D12947BA160054BB56 /* Article.swift */; };
		249728D42947BB710054BB56 /* NewsStream.swift in Sources */ = {isa = PBXBuildFile; fileRef = 249728D32947BB710054BB56 /* NewsStream.swift */; };
		249728D62947BBF90054BB56 /* ArticleManager.swift in Sources */ = {isa = PBXBuildFile; fileRef = 249728D52947BBF90054BB56 /* ArticleManager.swift */; };
		249728D82947BC720054BB56 /* NewsStreamViewModel.swift in Sources */ = {isa = PBXBuildFile; fileRef = 249728D72947BC720054BB56 /* NewsStreamViewModel.swift */; };
		249728DA2947F89A0054BB56 /* response.json in Resources */ = {isa = PBXBuildFile; fileRef = 249728D92947F89A0054BB56 /* response.json */; };
		249728DC294813EA0054BB56 /* HTMLStringView.swift in Sources */ = {isa = PBXBuildFile; fileRef = 249728DB294813EA0054BB56 /* HTMLStringView.swift */; };
		249728E92948B84A0054BB56 /* NewsReaderMiniTests.swift in Sources */ = {isa = PBXBuildFile; fileRef = 249728E82948B84A0054BB56 /* NewsReaderMiniTests.swift */; };
		249728F12948B9BD0054BB56 /* SnapshotTesting in Frameworks */ = {isa = PBXBuildFile; productRef = 249728F02948B9BD0054BB56 /* SnapshotTesting */; };
/* End PBXBuildFile section */

/* Begin PBXContainerItemProxy section */
		249728EA2948B84A0054BB56 /* PBXContainerItemProxy */ = {
			isa = PBXContainerItemProxy;
			containerPortal = 249728B62947B7C10054BB56 /* Project object */;
			proxyType = 1;
			remoteGlobalIDString = 249728BD2947B7C10054BB56;
			remoteInfo = NewsReaderMini;
		};
/* End PBXContainerItemProxy section */

/* Begin PBXFileReference section */
		249728BE2947B7C10054BB56 /* NewsReaderMini.app */ = {isa = PBXFileReference; explicitFileType = wrapper.application; includeInIndex = 0; path = NewsReaderMini.app; sourceTree = BUILT_PRODUCTS_DIR; };
		249728C12947B7C10054BB56 /* NewsReaderMiniApp.swift */ = {isa = PBXFileReference; lastKnownFileType = sourcecode.swift; path = NewsReaderMiniApp.swift; sourceTree = "<group>"; };
		249728C52947B7C30054BB56 /* Assets.xcassets */ = {isa = PBXFileReference; lastKnownFileType = folder.assetcatalog; path = Assets.xcassets; sourceTree = "<group>"; };
		249728C82947B7C30054BB56 /* Preview Assets.xcassets */ = {isa = PBXFileReference; lastKnownFileType = folder.assetcatalog; path = "Preview Assets.xcassets"; sourceTree = "<group>"; };
		249728CF2947BA000054BB56 /* ArticleDetail.swift */ = {isa = PBXFileReference; lastKnownFileType = sourcecode.swift; path = ArticleDetail.swift; sourceTree = "<group>"; };
		249728D12947BA160054BB56 /* Article.swift */ = {isa = PBXFileReference; lastKnownFileType = sourcecode.swift; path = Article.swift; sourceTree = "<group>"; };
		249728D32947BB710054BB56 /* NewsStream.swift */ = {isa = PBXFileReference; lastKnownFileType = sourcecode.swift; path = NewsStream.swift; sourceTree = "<group>"; };
		249728D52947BBF90054BB56 /* ArticleManager.swift */ = {isa = PBXFileReference; lastKnownFileType = sourcecode.swift; path = ArticleManager.swift; sourceTree = "<group>"; };
		249728D72947BC720054BB56 /* NewsStreamViewModel.swift */ = {isa = PBXFileReference; lastKnownFileType = sourcecode.swift; path = NewsStreamViewModel.swift; sourceTree = "<group>"; };
		249728D92947F89A0054BB56 /* response.json */ = {isa = PBXFileReference; lastKnownFileType = text.json; path = response.json; sourceTree = "<group>"; };
		249728DB294813EA0054BB56 /* HTMLStringView.swift */ = {isa = PBXFileReference; lastKnownFileType = sourcecode.swift; path = HTMLStringView.swift; sourceTree = "<group>"; };
		249728E62948B84A0054BB56 /* NewsReaderMiniTests.xctest */ = {isa = PBXFileReference; explicitFileType = wrapper.cfbundle; includeInIndex = 0; path = NewsReaderMiniTests.xctest; sourceTree = BUILT_PRODUCTS_DIR; };
		249728E82948B84A0054BB56 /* NewsReaderMiniTests.swift */ = {isa = PBXFileReference; lastKnownFileType = sourcecode.swift; path = NewsReaderMiniTests.swift; sourceTree = "<group>"; };
/* End PBXFileReference section */

/* Begin PBXFrameworksBuildPhase section */
		249728BB2947B7C10054BB56 /* Frameworks */ = {
			isa = PBXFrameworksBuildPhase;
			buildActionMask = 2147483647;
			files = (
			);
			runOnlyForDeploymentPostprocessing = 0;
		};
		249728E32948B84A0054BB56 /* Frameworks */ = {
			isa = PBXFrameworksBuildPhase;
			buildActionMask = 2147483647;
			files = (
				249728F12948B9BD0054BB56 /* SnapshotTesting in Frameworks */,
			);
			runOnlyForDeploymentPostprocessing = 0;
		};
/* End PBXFrameworksBuildPhase section */

/* Begin PBXGroup section */
		249728B52947B7C10054BB56 = {
			isa = PBXGroup;
			children = (
				249728C02947B7C10054BB56 /* NewsReaderMini */,
				249728E72948B84A0054BB56 /* NewsReaderMiniTests */,
				249728BF2947B7C10054BB56 /* Products */,
				249728EF2948B9BD0054BB56 /* Frameworks */,
			);
			sourceTree = "<group>";
		};
		249728BF2947B7C10054BB56 /* Products */ = {
			isa = PBXGroup;
			children = (
				249728BE2947B7C10054BB56 /* NewsReaderMini.app */,
				249728E62948B84A0054BB56 /* NewsReaderMiniTests.xctest */,
			);
			name = Products;
			sourceTree = "<group>";
		};
		249728C02947B7C10054BB56 /* NewsReaderMini */ = {
			isa = PBXGroup;
			children = (
				249728DB294813EA0054BB56 /* HTMLStringView.swift */,
				249728D92947F89A0054BB56 /* response.json */,
				249728F32948BA6A0054BB56 /* NewsStream */,
				249728C12947B7C10054BB56 /* NewsReaderMiniApp.swift */,
				249728C52947B7C30054BB56 /* Assets.xcassets */,
				249728C72947B7C30054BB56 /* Preview Content */,
				249728F22948BA500054BB56 /* Article */,
			);
			path = NewsReaderMini;
			sourceTree = "<group>";
		};
		249728C72947B7C30054BB56 /* Preview Content */ = {
			isa = PBXGroup;
			children = (
				249728C82947B7C30054BB56 /* Preview Assets.xcassets */,
			);
			path = "Preview Content";
			sourceTree = "<group>";
		};
		249728E72948B84A0054BB56 /* NewsReaderMiniTests */ = {
			isa = PBXGroup;
			children = (
				249728E82948B84A0054BB56 /* NewsReaderMiniTests.swift */,
			);
			path = NewsReaderMiniTests;
			sourceTree = "<group>";
		};
		249728EF2948B9BD0054BB56 /* Frameworks */ = {
			isa = PBXGroup;
			children = (
			);
			name = Frameworks;
			sourceTree = "<group>";
		};
		249728F22948BA500054BB56 /* Article */ = {
			isa = PBXGroup;
			children = (
				249728CF2947BA000054BB56 /* ArticleDetail.swift */,
				249728D12947BA160054BB56 /* Article.swift */,
				249728D52947BBF90054BB56 /* ArticleManager.swift */,
			);
			path = Article;
			sourceTree = "<group>";
		};
		249728F32948BA6A0054BB56 /* NewsStream */ = {
			isa = PBXGroup;
			children = (
				249728D32947BB710054BB56 /* NewsStream.swift */,
				249728D72947BC720054BB56 /* NewsStreamViewModel.swift */,
			);
			path = NewsStream;
			sourceTree = "<group>";
		};
/* End PBXGroup section */

/* Begin PBXNativeTarget section */
		249728BD2947B7C10054BB56 /* NewsReaderMini */ = {
			isa = PBXNativeTarget;
			buildConfigurationList = 249728CC2947B7C30054BB56 /* Build configuration list for PBXNativeTarget "NewsReaderMini" */;
			buildPhases = (
				249728BA2947B7C10054BB56 /* Sources */,
				249728BB2947B7C10054BB56 /* Frameworks */,
				249728BC2947B7C10054BB56 /* Resources */,
			);
			buildRules = (
			);
			dependencies = (
			);
			name = NewsReaderMini;
			packageProductDependencies = (
			);
			productName = NewsReaderMini;
			productReference = 249728BE2947B7C10054BB56 /* NewsReaderMini.app */;
			productType = "com.apple.product-type.application";
		};
		249728E52948B84A0054BB56 /* NewsReaderMiniTests */ = {
			isa = PBXNativeTarget;
			buildConfigurationList = 249728EC2948B84A0054BB56 /* Build configuration list for PBXNativeTarget "NewsReaderMiniTests" */;
			buildPhases = (
				249728E22948B84A0054BB56 /* Sources */,
				249728E32948B84A0054BB56 /* Frameworks */,
				249728E42948B84A0054BB56 /* Resources */,
			);
			buildRules = (
			);
			dependencies = (
				249728EB2948B84A0054BB56 /* PBXTargetDependency */,
			);
			name = NewsReaderMiniTests;
			packageProductDependencies = (
				249728F02948B9BD0054BB56 /* SnapshotTesting */,
			);
			productName = NewsReaderMiniTests;
			productReference = 249728E62948B84A0054BB56 /* NewsReaderMiniTests.xctest */;
			productType = "com.apple.product-type.bundle.unit-test";
		};
/* End PBXNativeTarget section */

/* Begin PBXProject section */
		249728B62947B7C10054BB56 /* Project object */ = {
			isa = PBXProject;
			attributes = {
				BuildIndependentTargetsInParallel = 1;
				LastSwiftUpdateCheck = 1340;
				LastUpgradeCheck = 1340;
				TargetAttributes = {
					249728BD2947B7C10054BB56 = {
						CreatedOnToolsVersion = 13.4.1;
					};
					249728E52948B84A0054BB56 = {
						CreatedOnToolsVersion = 13.4.1;
						TestTargetID = 249728BD2947B7C10054BB56;
					};
				};
			};
			buildConfigurationList = 249728B92947B7C10054BB56 /* Build configuration list for PBXProject "NewsReaderMini" */;
			compatibilityVersion = "Xcode 13.0";
			developmentRegion = en;
			hasScannedForEncodings = 0;
			knownRegions = (
				en,
				Base,
			);
			mainGroup = 249728B52947B7C10054BB56;
			packageReferences = (
				249728DD2948B7E30054BB56 /* XCRemoteSwiftPackageReference "swift-snapshot-testing" */,
			);
			productRefGroup = 249728BF2947B7C10054BB56 /* Products */;
			projectDirPath = "";
			projectRoot = "";
			targets = (
				249728BD2947B7C10054BB56 /* NewsReaderMini */,
				249728E52948B84A0054BB56 /* NewsReaderMiniTests */,
			);
		};
/* End PBXProject section */

/* Begin PBXResourcesBuildPhase section */
		249728BC2947B7C10054BB56 /* Resources */ = {
			isa = PBXResourcesBuildPhase;
			buildActionMask = 2147483647;
			files = (
				249728C92947B7C30054BB56 /* Preview Assets.xcassets in Resources */,
				249728DA2947F89A0054BB56 /* response.json in Resources */,
				249728C62947B7C30054BB56 /* Assets.xcassets in Resources */,
			);
			runOnlyForDeploymentPostprocessing = 0;
		};
		249728E42948B84A0054BB56 /* Resources */ = {
			isa = PBXResourcesBuildPhase;
			buildActionMask = 2147483647;
			files = (
			);
			runOnlyForDeploymentPostprocessing = 0;
		};
/* End PBXResourcesBuildPhase section */

/* Begin PBXSourcesBuildPhase section */
		249728BA2947B7C10054BB56 /* Sources */ = {
			isa = PBXSourcesBuildPhase;
			buildActionMask = 2147483647;
			files = (
				249728D22947BA160054BB56 /* Article.swift in Sources */,
				249728D02947BA000054BB56 /* ArticleDetail.swift in Sources */,
				249728D62947BBF90054BB56 /* ArticleManager.swift in Sources */,
				249728D82947BC720054BB56 /* NewsStreamViewModel.swift in Sources */,
				249728DC294813EA0054BB56 /* HTMLStringView.swift in Sources */,
				249728D42947BB710054BB56 /* NewsStream.swift in Sources */,
				249728C22947B7C10054BB56 /* NewsReaderMiniApp.swift in Sources */,
			);
			runOnlyForDeploymentPostprocessing = 0;
		};
		249728E22948B84A0054BB56 /* Sources */ = {
			isa = PBXSourcesBuildPhase;
			buildActionMask = 2147483647;
			files = (
				249728E92948B84A0054BB56 /* NewsReaderMiniTests.swift in Sources */,
			);
			runOnlyForDeploymentPostprocessing = 0;
		};
/* End PBXSourcesBuildPhase section */

/* Begin PBXTargetDependency section */
		249728EB2948B84A0054BB56 /* PBXTargetDependency */ = {
			isa = PBXTargetDependency;
			target = 249728BD2947B7C10054BB56 /* NewsReaderMini */;
			targetProxy = 249728EA2948B84A0054BB56 /* PBXContainerItemProxy */;
		};
/* End PBXTargetDependency section */

/* Begin XCBuildConfiguration section */
		249728CA2947B7C30054BB56 /* Debug */ = {
			isa = XCBuildConfiguration;
			buildSettings = {
				ALWAYS_SEARCH_USER_PATHS = NO;
				CLANG_ANALYZER_NONNULL = YES;
				CLANG_ANALYZER_NUMBER_OBJECT_CONVERSION = YES_AGGRESSIVE;
				CLANG_CXX_LANGUAGE_STANDARD = "gnu++17";
				CLANG_ENABLE_MODULES = YES;
				CLANG_ENABLE_OBJC_ARC = YES;
				CLANG_ENABLE_OBJC_WEAK = YES;
				CLANG_WARN_BLOCK_CAPTURE_AUTORELEASING = YES;
				CLANG_WARN_BOOL_CONVERSION = YES;
				CLANG_WARN_COMMA = YES;
				CLANG_WARN_CONSTANT_CONVERSION = YES;
				CLANG_WARN_DEPRECATED_OBJC_IMPLEMENTATIONS = YES;
				CLANG_WARN_DIRECT_OBJC_ISA_USAGE = YES_ERROR;
				CLANG_WARN_DOCUMENTATION_COMMENTS = YES;
				CLANG_WARN_EMPTY_BODY = YES;
				CLANG_WARN_ENUM_CONVERSION = YES;
				CLANG_WARN_INFINITE_RECURSION = YES;
				CLANG_WARN_INT_CONVERSION = YES;
				CLANG_WARN_NON_LITERAL_NULL_CONVERSION = YES;
				CLANG_WARN_OBJC_IMPLICIT_RETAIN_SELF = YES;
				CLANG_WARN_OBJC_LITERAL_CONVERSION = YES;
				CLANG_WARN_OBJC_ROOT_CLASS = YES_ERROR;
				CLANG_WARN_QUOTED_INCLUDE_IN_FRAMEWORK_HEADER = YES;
				CLANG_WARN_RANGE_LOOP_ANALYSIS = YES;
				CLANG_WARN_STRICT_PROTOTYPES = YES;
				CLANG_WARN_SUSPICIOUS_MOVE = YES;
				CLANG_WARN_UNGUARDED_AVAILABILITY = YES_AGGRESSIVE;
				CLANG_WARN_UNREACHABLE_CODE = YES;
				CLANG_WARN__DUPLICATE_METHOD_MATCH = YES;
				COPY_PHASE_STRIP = NO;
				DEBUG_INFORMATION_FORMAT = dwarf;
				ENABLE_STRICT_OBJC_MSGSEND = YES;
				ENABLE_TESTABILITY = YES;
				GCC_C_LANGUAGE_STANDARD = gnu11;
				GCC_DYNAMIC_NO_PIC = NO;
				GCC_NO_COMMON_BLOCKS = YES;
				GCC_OPTIMIZATION_LEVEL = 0;
				GCC_PREPROCESSOR_DEFINITIONS = (
					"DEBUG=1",
					"$(inherited)",
				);
				GCC_WARN_64_TO_32_BIT_CONVERSION = YES;
				GCC_WARN_ABOUT_RETURN_TYPE = YES_ERROR;
				GCC_WARN_UNDECLARED_SELECTOR = YES;
				GCC_WARN_UNINITIALIZED_AUTOS = YES_AGGRESSIVE;
				GCC_WARN_UNUSED_FUNCTION = YES;
				GCC_WARN_UNUSED_VARIABLE = YES;
				IPHONEOS_DEPLOYMENT_TARGET = 15.5;
				MTL_ENABLE_DEBUG_INFO = INCLUDE_SOURCE;
				MTL_FAST_MATH = YES;
				ONLY_ACTIVE_ARCH = YES;
				SDKROOT = iphoneos;
				SWIFT_ACTIVE_COMPILATION_CONDITIONS = DEBUG;
				SWIFT_OPTIMIZATION_LEVEL = "-Onone";
			};
			name = Debug;
		};
		249728CB2947B7C30054BB56 /* Release */ = {
			isa = XCBuildConfiguration;
			buildSettings = {
				ALWAYS_SEARCH_USER_PATHS = NO;
				CLANG_ANALYZER_NONNULL = YES;
				CLANG_ANALYZER_NUMBER_OBJECT_CONVERSION = YES_AGGRESSIVE;
				CLANG_CXX_LANGUAGE_STANDARD = "gnu++17";
				CLANG_ENABLE_MODULES = YES;
				CLANG_ENABLE_OBJC_ARC = YES;
				CLANG_ENABLE_OBJC_WEAK = YES;
				CLANG_WARN_BLOCK_CAPTURE_AUTORELEASING = YES;
				CLANG_WARN_BOOL_CONVERSION = YES;
				CLANG_WARN_COMMA = YES;
				CLANG_WARN_CONSTANT_CONVERSION = YES;
				CLANG_WARN_DEPRECATED_OBJC_IMPLEMENTATIONS = YES;
				CLANG_WARN_DIRECT_OBJC_ISA_USAGE = YES_ERROR;
				CLANG_WARN_DOCUMENTATION_COMMENTS = YES;
				CLANG_WARN_EMPTY_BODY = YES;
				CLANG_WARN_ENUM_CONVERSION = YES;
				CLANG_WARN_INFINITE_RECURSION = YES;
				CLANG_WARN_INT_CONVERSION = YES;
				CLANG_WARN_NON_LITERAL_NULL_CONVERSION = YES;
				CLANG_WARN_OBJC_IMPLICIT_RETAIN_SELF = YES;
				CLANG_WARN_OBJC_LITERAL_CONVERSION = YES;
				CLANG_WARN_OBJC_ROOT_CLASS = YES_ERROR;
				CLANG_WARN_QUOTED_INCLUDE_IN_FRAMEWORK_HEADER = YES;
				CLANG_WARN_RANGE_LOOP_ANALYSIS = YES;
				CLANG_WARN_STRICT_PROTOTYPES = YES;
				CLANG_WARN_SUSPICIOUS_MOVE = YES;
				CLANG_WARN_UNGUARDED_AVAILABILITY = YES_AGGRESSIVE;
				CLANG_WARN_UNREACHABLE_CODE = YES;
				CLANG_WARN__DUPLICATE_METHOD_MATCH = YES;
				COPY_PHASE_STRIP = NO;
				DEBUG_INFORMATION_FORMAT = "dwarf-with-dsym";
				ENABLE_NS_ASSERTIONS = NO;
				ENABLE_STRICT_OBJC_MSGSEND = YES;
				GCC_C_LANGUAGE_STANDARD = gnu11;
				GCC_NO_COMMON_BLOCKS = YES;
				GCC_WARN_64_TO_32_BIT_CONVERSION = YES;
				GCC_WARN_ABOUT_RETURN_TYPE = YES_ERROR;
				GCC_WARN_UNDECLARED_SELECTOR = YES;
				GCC_WARN_UNINITIALIZED_AUTOS = YES_AGGRESSIVE;
				GCC_WARN_UNUSED_FUNCTION = YES;
				GCC_WARN_UNUSED_VARIABLE = YES;
				IPHONEOS_DEPLOYMENT_TARGET = 15.5;
				MTL_ENABLE_DEBUG_INFO = NO;
				MTL_FAST_MATH = YES;
				SDKROOT = iphoneos;
				SWIFT_COMPILATION_MODE = wholemodule;
				SWIFT_OPTIMIZATION_LEVEL = "-O";
				VALIDATE_PRODUCT = YES;
			};
			name = Release;
		};
		249728CD2947B7C30054BB56 /* Debug */ = {
			isa = XCBuildConfiguration;
			buildSettings = {
				ASSETCATALOG_COMPILER_APPICON_NAME = AppIcon;
				ASSETCATALOG_COMPILER_GLOBAL_ACCENT_COLOR_NAME = AccentColor;
				CODE_SIGN_STYLE = Automatic;
				CURRENT_PROJECT_VERSION = 1;
				DEVELOPMENT_ASSET_PATHS = "\"NewsReaderMini/Preview Content\"";
				DEVELOPMENT_TEAM = 62R87RHN6R;
				ENABLE_PREVIEWS = YES;
				GENERATE_INFOPLIST_FILE = YES;
				INFOPLIST_KEY_UIApplicationSceneManifest_Generation = YES;
				INFOPLIST_KEY_UIApplicationSupportsIndirectInputEvents = YES;
				INFOPLIST_KEY_UILaunchScreen_Generation = YES;
				INFOPLIST_KEY_UISupportedInterfaceOrientations_iPad = "UIInterfaceOrientationPortrait UIInterfaceOrientationPortraitUpsideDown UIInterfaceOrientationLandscapeLeft UIInterfaceOrientationLandscapeRight";
				INFOPLIST_KEY_UISupportedInterfaceOrientations_iPhone = "UIInterfaceOrientationPortrait UIInterfaceOrientationLandscapeLeft UIInterfaceOrientationLandscapeRight";
				LD_RUNPATH_SEARCH_PATHS = (
					"$(inherited)",
					"@executable_path/Frameworks",
				);
				MARKETING_VERSION = 1.0;
				PRODUCT_BUNDLE_IDENTIFIER = ChadNewbry.NewsReaderMini;
				PRODUCT_NAME = "$(TARGET_NAME)";
				SWIFT_EMIT_LOC_STRINGS = YES;
				SWIFT_VERSION = 5.0;
				TARGETED_DEVICE_FAMILY = "1,2";
			};
			name = Debug;
		};
		249728CE2947B7C30054BB56 /* Release */ = {
			isa = XCBuildConfiguration;
			buildSettings = {
				ASSETCATALOG_COMPILER_APPICON_NAME = AppIcon;
				ASSETCATALOG_COMPILER_GLOBAL_ACCENT_COLOR_NAME = AccentColor;
				CODE_SIGN_STYLE = Automatic;
				CURRENT_PROJECT_VERSION = 1;
				DEVELOPMENT_ASSET_PATHS = "\"NewsReaderMini/Preview Content\"";
				DEVELOPMENT_TEAM = 62R87RHN6R;
				ENABLE_PREVIEWS = YES;
				GENERATE_INFOPLIST_FILE = YES;
				INFOPLIST_KEY_UIApplicationSceneManifest_Generation = YES;
				INFOPLIST_KEY_UIApplicationSupportsIndirectInputEvents = YES;
				INFOPLIST_KEY_UILaunchScreen_Generation = YES;
				INFOPLIST_KEY_UISupportedInterfaceOrientations_iPad = "UIInterfaceOrientationPortrait UIInterfaceOrientationPortraitUpsideDown UIInterfaceOrientationLandscapeLeft UIInterfaceOrientationLandscapeRight";
				INFOPLIST_KEY_UISupportedInterfaceOrientations_iPhone = "UIInterfaceOrientationPortrait UIInterfaceOrientationLandscapeLeft UIInterfaceOrientationLandscapeRight";
				LD_RUNPATH_SEARCH_PATHS = (
					"$(inherited)",
					"@executable_path/Frameworks",
				);
				MARKETING_VERSION = 1.0;
				PRODUCT_BUNDLE_IDENTIFIER = ChadNewbry.NewsReaderMini;
				PRODUCT_NAME = "$(TARGET_NAME)";
				SWIFT_EMIT_LOC_STRINGS = YES;
				SWIFT_VERSION = 5.0;
				TARGETED_DEVICE_FAMILY = "1,2";
			};
			name = Release;
		};
		249728ED2948B84A0054BB56 /* Debug */ = {
			isa = XCBuildConfiguration;
			buildSettings = {
				BUNDLE_LOADER = "$(TEST_HOST)";
				CODE_SIGN_STYLE = Automatic;
				CURRENT_PROJECT_VERSION = 1;
				DEVELOPMENT_TEAM = 62R87RHN6R;
				GENERATE_INFOPLIST_FILE = YES;
				MARKETING_VERSION = 1.0;
				PRODUCT_BUNDLE_IDENTIFIER = ChadNewbry.NewsReaderMiniTests;
				PRODUCT_NAME = "$(TARGET_NAME)";
				SWIFT_EMIT_LOC_STRINGS = NO;
				SWIFT_VERSION = 5.0;
				TARGETED_DEVICE_FAMILY = "1,2";
				TEST_HOST = "$(BUILT_PRODUCTS_DIR)/NewsReaderMini.app/NewsReaderMini";
			};
			name = Debug;
		};
		249728EE2948B84A0054BB56 /* Release */ = {
			isa = XCBuildConfiguration;
			buildSettings = {
				BUNDLE_LOADER = "$(TEST_HOST)";
				CODE_SIGN_STYLE = Automatic;
				CURRENT_PROJECT_VERSION = 1;
				DEVELOPMENT_TEAM = 62R87RHN6R;
				GENERATE_INFOPLIST_FILE = YES;
				MARKETING_VERSION = 1.0;
				PRODUCT_BUNDLE_IDENTIFIER = ChadNewbry.NewsReaderMiniTests;
				PRODUCT_NAME = "$(TARGET_NAME)";
				SWIFT_EMIT_LOC_STRINGS = NO;
				SWIFT_VERSION = 5.0;
				TARGETED_DEVICE_FAMILY = "1,2";
				TEST_HOST = "$(BUILT_PRODUCTS_DIR)/NewsReaderMini.app/NewsReaderMini";
			};
			name = Release;
		};
/* End XCBuildConfiguration section */

/* Begin XCConfigurationList section */
		249728B92947B7C10054BB56 /* Build configuration list for PBXProject "NewsReaderMini" */ = {
			isa = XCConfigurationList;
			buildConfigurations = (
				249728CA2947B7C30054BB56 /* Debug */,
				249728CB2947B7C30054BB56 /* Release */,
			);
			defaultConfigurationIsVisible = 0;
			defaultConfigurationName = Release;
		};
		249728CC2947B7C30054BB56 /* Build configuration list for PBXNativeTarget "NewsReaderMini" */ = {
			isa = XCConfigurationList;
			buildConfigurations = (
				249728CD2947B7C30054BB56 /* Debug */,
				249728CE2947B7C30054BB56 /* Release */,
			);
			defaultConfigurationIsVisible = 0;
			defaultConfigurationName = Release;
		};
		249728EC2948B84A0054BB56 /* Build configuration list for PBXNativeTarget "NewsReaderMiniTests" */ = {
			isa = XCConfigurationList;
			buildConfigurations = (
				249728ED2948B84A0054BB56 /* Debug */,
				249728EE2948B84A0054BB56 /* Release */,
			);
			defaultConfigurationIsVisible = 0;
			defaultConfigurationName = Release;
		};
/* End XCConfigurationList section */

/* Begin XCRemoteSwiftPackageReference section */
		249728DD2948B7E30054BB56 /* XCRemoteSwiftPackageReference "swift-snapshot-testing" */ = {
			isa = XCRemoteSwiftPackageReference;
			repositoryURL = "https://github.com/pointfreeco/swift-snapshot-testing";
			requirement = {
				branch = main;
				kind = branch;
			};
		};
/* End XCRemoteSwiftPackageReference section */

/* Begin XCSwiftPackageProductDependency section */
		249728F02948B9BD0054BB56 /* SnapshotTesting */ = {
			isa = XCSwiftPackageProductDependency;
			package = 249728DD2948B7E30054BB56 /* XCRemoteSwiftPackageReference "swift-snapshot-testing" */;
			productName = SnapshotTesting;
		};
/* End XCSwiftPackageProductDependency section */
	};
	rootObject = 249728B62947B7C10054BB56 /* Project object */;
}
